# @generated - this file is auto-generated by `mise lock` https://mise.jdx.dev/dev-tools/mise-lock.html

[[tools.aws-cli]]
version = "2.36.33"
backend = "aqua:aws/aws-cli"

[tools.aws-cli."platforms.linux-arm64"]
url = "https://awscli.amazonaws.com/awscli-exe-linux-aarch64-2.36.33.zip"

[tools.aws-cli."platforms.linux-arm64-musl"]
url = "https://awscli.amazonaws.com/awscli-exe-linux-aarch64-2.36.33.zip"

[tools.aws-cli."platforms.linux-x64"]
url = "https://awscli.amazonaws.com/awscli-exe-linux-x86_64-2.36.33.zip"

[tools.aws-cli."platforms.linux-x64-musl"]
url = "https://awscli.amazonaws.com/awscli-exe-linux-x86_64-2.36.33.zip"

[tools.aws-cli."platforms.macos-arm64"]
url = "https://awscli.amazonaws.com/AWSCLIV2-2.36.33.pkg"

[tools.aws-cli."platforms.macos-x64"]
url = "https://awscli.amazonaws.com/AWSCLIV2-2.36.33.pkg"

[[tools.lefthook]]
version = "2.1.11"
backend = "aqua:evilmartians/lefthook"

[tools.lefthook."platforms.linux-arm64"]
checksum = "sha256:94568fb0f7bc62eb7d7b110534f7bb01c5153551a3f364269e742fcfaa0b1c07"
url = "https://github.com/evilmartians/lefthook/releases/download/v2.1.11/lefthook_2.1.11_Linux_aarch64.gz"
url_api = "https://api.github.com/repos/evilmartians/lefthook/releases/assets/523446803"
provenance = "github-attestations"

[tools.lefthook."platforms.linux-arm64-musl"]
checksum = "sha256:94568fb0f7bc62eb7d7b110534f7bb01c5153551a3f364269e742fcfaa0b1c07"
url = "https://github.com/evilmartians/lefthook/releases/download/v2.1.11/lefthook_2.1.11_Linux_aarch64.gz"
url_api = "https://api.github.com/repos/evilmartians/lefthook/releases/assets/523446803"
provenance = "github-attestations"

[tools.lefthook."platforms.linux-x64"]
checksum = "sha256:435aff51fc767a7f135717a4e3e4f3282c15e0a4ca4e2dfd1b54ef8241ee5f3f"
url = "https://github.com/evilmartians/lefthook/releases/download/v2.1.11/lefthook_2.1.11_Linux_x86_64.gz"
url_api = "https://api.github.com/repos/evilmartians/lefthook/releases/assets/523446768"
provenance = "github-attestations"

[tools.lefthook."platforms.linux-x64-musl"]
checksum = "sha256:435aff51fc767a7f135717a4e3e4f3282c15e0a4ca4e2dfd1b54ef8241ee5f3f"
url = "https://github.com/evilmartians/lefthook/releases/download/v2.1.11/lefthook_2.1.11_Linux_x86_64.gz"
url_api = "https://api.github.com/repos/evilmartians/lefthook/releases/assets/523446768"
provenance = "github-attestations"

[tools.lefthook."platforms.macos-arm64"]
checksum = "sha256:2d2b312730f3d900354f5f0eb37abf31ff65a033021be761f25a2eb709c9cdbc"
url = "https://github.com/evilmartians/lefthook/releases/download/v2.1.11/lefthook_2.1.11_MacOS_arm64.gz"
url_api = "https://api.github.com/repos/evilmartians/lefthook/releases/assets/523446757"
provenance = "github-attestations"

[tools.lefthook."platforms.macos-x64"]
checksum = "sha256:b9ab6e5de57b1fdd1ffe77a9d57fbec34539b50481fa5c38f91f19fe5175dcc5"
url = "https://github.com/evilmartians/lefthook/releases/download/v2.1.11/lefthook_2.1.11_MacOS_x86_64.gz"
url_api = "https://api.github.com/repos/evilmartians/lefthook/releases/assets/523446802"
provenance = "github-attestations"

[tools.lefthook."platforms.windows-x64"]
checksum = "sha256:df7fb73aca464e455f66ab231965cfb15aaea4ccd45be4af4f7df908fc4077d2"
url = "https://github.com/evilmartians/lefthook/releases/download/v2.1.11/lefthook_2.1.11_Windows_x86_64.gz"
url_api = "https://api.github.com/repos/evilmartians/lefthook/releases/assets/523446762"
provenance = "github-attestations"

[[tools.node]]
version = "24.20.0"
backend = "core:node"

[tools.node."platforms.linux-arm64"]
checksum = "sha256:3515603e2487879a39bc75716f1a2affd027500c64ba50e845cf72cb33219013"
url = "https://nodejs.org/dist/v24.20.0/node-v24.20.0-linux-arm64.tar.gz"

[tools.node."platforms.linux-arm64-musl"]
checksum = "sha256:2c8c507ccb0f20812d9526ba8ca454b1652aadef68fc8bad06f07fb1122dd1ef"
url = "https://unofficial-builds.nodejs.org/download/release/v24.20.0/node-v24.20.0-linux-arm64-musl.tar.gz"

[tools.node."platforms.linux-x64"]
checksum = "sha256:855d581f8a4eb1a8117e3426de25fe02770592febcfb31369aee1ffbfee9e8ec"
url = "https://nodejs.org/dist/v24.20.0/node-v24.20.0-linux-x64.tar.gz"

[tools.node."platforms.linux-x64-musl"]
checksum = "sha256:9ae1399fef4bd8990e15773ce1327b336a20b9e97d8c7549f4f42ca73c43f562"
url = "https://unofficial-builds.nodejs.org/download/release/v24.20.0/node-v24.20.0-linux-x64-musl.tar.gz"

[tools.node."platforms.macos-arm64"]
checksum = "sha256:40e5607e5ecb3db9192723776da2d75d966260fc74a7a9e731c1bd67dda96bc8"
url = "https://nodejs.org/dist/v24.20.0/node-v24.20.0-darwin-arm64.tar.gz"

[tools.node."platforms.macos-x64"]
checksum = "sha256:9e5b2644cf107befb6aefca676b96d3296bc10138096f022ed378d6233ed81f4"
url = "https://nodejs.org/dist/v24.20.0/node-v24.20.0-darwin-x64.tar.gz"

[tools.node."platforms.windows-x64"]
checksum = "sha256:6cac9ffbca8f6a47091e4b5c772e0606049c3871cb67d900c0cedde630e545ba"
url = "https://nodejs.org/dist/v24.20.0/node-v24.20.0-win-x64.zip"

[[tools.terraform]]
version = "1.15.9"
backend = "aqua:hashicorp/terraform"

[tools.terraform."platforms.linux-arm64"]
checksum = "sha256:0afa6c29f61ca5ea270e950e43e50ecf2418b598507bf580e8ae76e1e6699b19"
url = "https://releases.hashicorp.com/terraform/1.15.9/terraform_1.15.9_linux_arm64.zip"

[tools.terraform."platforms.linux-arm64-musl"]
checksum = "sha256:0afa6c29f61ca5ea270e950e43e50ecf2418b598507bf580e8ae76e1e6699b19"
url = "https://releases.hashicorp.com/terraform/1.15.9/terraform_1.15.9_linux_arm64.zip"

[tools.terraform."platforms.linux-x64"]
checksum = "sha256:76edd0b22d2f27d3d2e097cd793209646f719cf60f02ff3af626b07361137da1"
url = "https://releases.hashicorp.com/terraform/1.15.9/terraform_1.15.9_linux_amd64.zip"

[tools.terraform."platforms.linux-x64-musl"]
checksum = "sha256:76edd0b22d2f27d3d2e097cd793209646f719cf60f02ff3af626b07361137da1"
url = "https://releases.hashicorp.com/terraform/1.15.9/terraform_1.15.9_linux_amd64.zip"

[tools.terraform."platforms.macos-arm64"]
checksum = "sha256:05b27586a5d7d84105690ecccc7edbbf48bc3d6d577745cb61f163ba990adf4f"
url = "https://releases.hashicorp.com/terraform/1.15.9/terraform_1.15.9_darwin_arm64.zip"

[tools.terraform."platforms.macos-x64"]
checksum = "sha256:3e97c499fac8074adfa3760300662a0158f2fd325144965dd0028deec4086c6b"
url = "https://releases.hashicorp.com/terraform/1.15.9/terraform_1.15.9_darwin_amd64.zip"

[tools.terraform."platforms.windows-x64"]
checksum = "sha256:b0fcd57e2abd19fc6d8e64b86a22f5f3fb734b0407385553cdcffc64677f18b6"
url = "https://releases.hashicorp.com/terraform/1.15.9/terraform_1.15.9_windows_amd64.zip"

[[tools.terraform-ls]]
version = "0.39.0"
backend = "aqua:hashicorp/terraform-ls"

[tools.terraform-ls."platforms.linux-arm64"]
checksum = "sha256:62f32ea22cb78e5e5667ed638ad6e0fbde30ab59228d073c3c9bb249f89c7f5a"
url = "https://releases.hashicorp.com/terraform-ls/0.39.0/terraform-ls_0.39.0_linux_arm64.zip"

[tools.terraform-ls."platforms.linux-arm64-musl"]
checksum = "sha256:62f32ea22cb78e5e5667ed638ad6e0fbde30ab59228d073c3c9bb249f89c7f5a"
url = "https://releases.hashicorp.com/terraform-ls/0.39.0/terraform-ls_0.39.0_linux_arm64.zip"

[tools.terraform-ls."platforms.linux-x64"]
checksum = "sha256:7750edc736845fd8c04ff0fc6332423c12d8275b358668c8c17e8aedc43ef971"
url = "https://releases.hashicorp.com/terraform-ls/0.39.0/terraform-ls_0.39.0_linux_amd64.zip"

[tools.terraform-ls."platforms.linux-x64-musl"]
checksum = "sha256:7750edc736845fd8c04ff0fc6332423c12d8275b358668c8c17e8aedc43ef971"
url = "https://releases.hashicorp.com/terraform-ls/0.39.0/terraform-ls_0.39.0_linux_amd64.zip"

[tools.terraform-ls."platforms.macos-arm64"]
checksum = "sha256:6f80fe0b34af184175508f3d9135d8159f5dce4000d9b39540553eb1c267c54b"
url = "https://releases.hashicorp.com/terraform-ls/0.39.0/terraform-ls_0.39.0_darwin_arm64.zip"

[tools.terraform-ls."platforms.macos-x64"]
checksum = "sha256:cc5bbc5b5a39d12d455c0d2b1e4b3a2c1f237d02d2cf819cf5252358f2d674de"
url = "https://releases.hashicorp.com/terraform-ls/0.39.0/terraform-ls_0.39.0_darwin_amd64.zip"

[tools.terraform-ls."platforms.windows-x64"]
checksum = "sha256:6edc885fe113f6a7fd049622ed0bd255141e68c84acc2fce1bb6a54c1f47bfe1"
url = "https://releases.hashicorp.com/terraform-ls/0.39.0/terraform-ls_0.39.0_windows_amd64.zip"

[[tools.trivy]]
version = "0.74.0"
backend = "aqua:aquasecurity/trivy"

[tools.trivy."platforms.linux-arm64"]
checksum = "sha256:b94ce1976bbf3c15b514b605ee88be7c6d94a29be2302847ff01cb794d47aad5"
url = "https://github.com/aquasecurity/trivy/releases/download/v0.74.0/trivy_0.74.0_Linux-ARM64.tar.gz"
url_api = "https://api.github.com/repos/aquasecurity/trivy/releases/assets/514339429"
provenance = "cosign"

[tools.trivy."platforms.linux-arm64-musl"]
checksum = "sha256:b94ce1976bbf3c15b514b605ee88be7c6d94a29be2302847ff01cb794d47aad5"
url = "https://github.com/aquasecurity/trivy/releases/download/v0.74.0/trivy_0.74.0_Linux-ARM64.tar.gz"
url_api = "https://api.github.com/repos/aquasecurity/trivy/releases/assets/514339429"
provenance = "cosign"

[tools.trivy."platforms.linux-x64"]
checksum = "sha256:2ae6fe3ee734b7fdf11335663e18c75ea12dccc76062f09f164a3b0f8be4371a"
url = "https://github.com/aquasecurity/trivy/releases/download/v0.74.0/trivy_0.74.0_Linux-64bit.tar.gz"
url_api = "https://api.github.com/repos/aquasecurity/trivy/releases/assets/514339431"
provenance = "cosign"

[tools.trivy."platforms.linux-x64-musl"]
checksum = "sha256:2ae6fe3ee734b7fdf11335663e18c75ea12dccc76062f09f164a3b0f8be4371a"
url = "https://github.com/aquasecurity/trivy/releases/download/v0.74.0/trivy_0.74.0_Linux-64bit.tar.gz"
url_api = "https://api.github.com/repos/aquasecurity/trivy/releases/assets/514339431"
provenance = "cosign"

[tools.trivy."platforms.macos-arm64"]
checksum = "sha256:1caada5e0e2091909357c7525d3aa76f4b660b13821bc143b190c7483e31cc11"
url = "https://github.com/aquasecurity/trivy/releases/download/v0.74.0/trivy_0.74.0_macOS-ARM64.tar.gz"
url_api = "https://api.github.com/repos/aquasecurity/trivy/releases/assets/514339464"
provenance = "cosign"

[tools.trivy."platforms.macos-x64"]
checksum = "sha256:472816f6888dda689d075c30254d4210b4d1035acf365aa72332f584c2f60485"
url = "https://github.com/aquasecurity/trivy/releases/download/v0.74.0/trivy_0.74.0_macOS-64bit.tar.gz"
url_api = "https://api.github.com/repos/aquasecurity/trivy/releases/assets/514339388"
provenance = "cosign"

[tools.trivy."platforms.windows-x64"]
checksum = "sha256:94c40e0696e4b907a74b7b2e1438d5d72ebaca83115817407f568a002d520842"
url = "https://github.com/aquasecurity/trivy/releases/download/v0.74.0/trivy_0.74.0_windows-64bit.zip"
url_api = "https://api.github.com/repos/aquasecurity/trivy/releases/assets/514339469"
provenance = "cosign"
